
Microsoft Visual Studio Solution File, Format Version 12.00
# Visual Studio Version 16
VisualStudioVersion = 16.0.28922.388
MinimumVisualStudioVersion = 10.0.40219.1
Project("{2150E333-8FDC-42A3-9474-1A3956D46DE8}") = "doc", "doc", "{553BC670-1DD6-4105-8BDD-4EA619EEA504}"
EndProject
Project("{2150E333-8FDC-42A3-9474-1A3956D46DE8}") = "src", "src", "{6447C53D-D4CE-46E0-A692-FDF813E0BB50}"
EndProject
Project("{2150E333-8FDC-42A3-9474-1A3956D46DE8}") = "Applications", "Applications", "{ABD421AB-498D-44FB-BFD6-1639C578983F}"
EndProject
Project("{2150E333-8FDC-42A3-9474-1A3956D46DE8}") = "Infrastructures", "Infrastructures", "{D1444615-0C15-4AA7-8861-234815D0F78C}"
EndProject
Project("{2150E333-8FDC-42A3-9474-1A3956D46DE8}") = "Presentations", "Presentations", "{6E9FE41D-E59C-4A95-861B-7255C3C421B4}"
EndProject
Project("{9A19103F-16F7-4668-BE54-9A1E7A4F7556}") = "EWalletV2.Api", "EWalletV2.Api\EWalletV2.Api.csproj", "{FAEFB25A-4485-4448-B8DB-CCE9E36EB70B}"
EndProject
Project("{9A19103F-16F7-4668-BE54-9A1E7A4F7556}") = "EWalletV2.DataAccess", "Infrastructures\EWalletV2.DataAccess\EWalletV2.DataAccess.csproj", "{68A6411B-DA97-4139-851C-22830689BC7F}"
EndProject
Project("{9A19103F-16F7-4668-BE54-9A1E7A4F7556}") = "EWalletV2.Domain", "Applications\EWalletV2.Domain\EWalletV2.Domain.csproj", "{545ED663-3B05-4D99-9C27-A73AE3D6ACA3}"
EndProject
Project("{9A19103F-16F7-4668-BE54-9A1E7A4F7556}") = "EWalletV2.Api.ViewModels", "EWalletV2.Api.ViewModels\EWalletV2.Api.ViewModels.csproj", "{B506ADF0-F296-42EB-AFE5-D49E586EEE22}"
EndProject
Project("{2150E333-8FDC-42A3-9474-1A3956D46DE8}") = "Client", "Client", "{1E3A8D85-44FF-4A9D-8AC6-4C01CE7E5287}"
EndProject
Project("{2150E333-8FDC-42A3-9474-1A3956D46DE8}") = "Mobile", "Mobile", "{BCC243A7-F98E-4393-B8D0-81561AE0BCCC}"
EndProject
Project("{2150E333-8FDC-42A3-9474-1A3956D46DE8}") = "Admin", "Admin", "{5D333A9B-8C08-41B4-9279-25094B23DCFE}"
EndProject
Project("{2150E333-8FDC-42A3-9474-1A3956D46DE8}") = "Customer", "Customer", "{1E2626E1-29CD-410F-8277-5D95CF68E065}"
EndProject
Project("{2150E333-8FDC-42A3-9474-1A3956D46DE8}") = "Merchant", "Merchant", "{F336EB38-FE0A-4D12-ABBC-04554357EE52}"
EndProject
Project("{FAE04EC0-301F-11D3-BF4B-00C04F79EFBC}") = "EWalletV2.Mobile.Admin.Android", "src\Client\Mobile\Admin\EWalletV2.Mobile.Admin\EWalletV2.Mobile.Admin.Android\EWalletV2.Mobile.Admin.Android.csproj", "{D5B11084-0631-4FDE-A331-37F5D9706063}"
EndProject
Project("{FAE04EC0-301F-11D3-BF4B-00C04F79EFBC}") = "EWalletV2.Mobile.Admin.iOS", "src\Client\Mobile\Admin\EWalletV2.Mobile.Admin\EWalletV2.Mobile.Admin.iOS\EWalletV2.Mobile.Admin.iOS.csproj", "{E49A0AC2-5D71-4FE5-9848-914D0D7AEBD6}"
EndProject
Project("{FAE04EC0-301F-11D3-BF4B-00C04F79EFBC}") = "EWalletV2.Mobile.Admin", "src\Client\Mobile\Admin\EWalletV2.Mobile.Admin\EWalletV2.Mobile.Admin\EWalletV2.Mobile.Admin.csproj", "{6E9AE23E-A9F6-4E50-8BB0-A76039C5BC7E}"
EndProject
Project("{FAE04EC0-301F-11D3-BF4B-00C04F79EFBC}") = "EWalletV2.Mobile.Customer.Android", "src\Client\Mobile\Customer\EWalletV2.Mobile.Customer\EWalletV2.Mobile.Customer.Android\EWalletV2.Mobile.Customer.Android.csproj", "{9413D8B0-876B-40E2-B22E-D46805428BDE}"
EndProject
Project("{FAE04EC0-301F-11D3-BF4B-00C04F79EFBC}") = "EWalletV2.Mobile.Customer.iOS", "src\Client\Mobile\Customer\EWalletV2.Mobile.Customer\EWalletV2.Mobile.Customer.iOS\EWalletV2.Mobile.Customer.iOS.csproj", "{824617F9-6424-4844-B17F-5F7769F5182C}"
EndProject
Project("{FAE04EC0-301F-11D3-BF4B-00C04F79EFBC}") = "EWalletV2.Mobile.Customer", "src\Client\Mobile\Customer\EWalletV2.Mobile.Customer\EWalletV2.Mobile.Customer\EWalletV2.Mobile.Customer.csproj", "{07006BA5-870A-4401-821E-5631173B70E1}"
EndProject
Project("{FAE04EC0-301F-11D3-BF4B-00C04F79EFBC}") = "EWalletV2.Mobile.Merchant.Android", "src\Client\Mobile\Merchant\EWalletV2.Mobile.Merchant\EWalletV2.Mobile.Merchant.Android\EWalletV2.Mobile.Merchant.Android.csproj", "{6B39EFD8-E4BA-4C38-B99E-80F43462C96F}"
EndProject
Project("{FAE04EC0-301F-11D3-BF4B-00C04F79EFBC}") = "EWalletV2.Mobile.Merchant.iOS", "src\Client\Mobile\Merchant\EWalletV2.Mobile.Merchant\EWalletV2.Mobile.Merchant.iOS\EWalletV2.Mobile.Merchant.iOS.csproj", "{B2B3599C-DC70-46C4-827E-67D2F5C19E1E}"
EndProject
Project("{FAE04EC0-301F-11D3-BF4B-00C04F79EFBC}") = "EWalletV2.Mobile.Merchant", "src\Client\Mobile\Merchant\EWalletV2.Mobile.Merchant\EWalletV2.Mobile.Merchant\EWalletV2.Mobile.Merchant.csproj", "{D060CBCB-3C7C-4DE2-903F-BAF9400A8182}"
EndProject
Project("{FAE04EC0-301F-11D3-BF4B-00C04F79EFBC}") = "EWallet.Mobile.Service", "src\Mobile\Client\EWallet.Mobile.Service\EWallet.Mobile.Service.csproj", "{527B2DB9-8FA0-42E4-86AF-A08CEC23699B}"
EndProject
Global
	GlobalSection(SolutionConfigurationPlatforms) = preSolution
		Debug|Any CPU = Debug|Any CPU
		Debug|iPhone = Debug|iPhone
		Debug|iPhoneSimulator = Debug|iPhoneSimulator
		Release|Any CPU = Release|Any CPU
		Release|iPhone = Release|iPhone
		Release|iPhoneSimulator = Release|iPhoneSimulator
	EndGlobalSection
	GlobalSection(ProjectConfigurationPlatforms) = postSolution
		{FAEFB25A-4485-4448-B8DB-CCE9E36EB70B}.Debug|Any CPU.ActiveCfg = Debug|Any CPU
		{FAEFB25A-4485-4448-B8DB-CCE9E36EB70B}.Debug|Any CPU.Build.0 = Debug|Any CPU
		{FAEFB25A-4485-4448-B8DB-CCE9E36EB70B}.Debug|iPhone.ActiveCfg = Debug|Any CPU
		{FAEFB25A-4485-4448-B8DB-CCE9E36EB70B}.Debug|iPhone.Build.0 = Debug|Any CPU
		{FAEFB25A-4485-4448-B8DB-CCE9E36EB70B}.Debug|iPhoneSimulator.ActiveCfg = Debug|Any CPU
		{FAEFB25A-4485-4448-B8DB-CCE9E36EB70B}.Debug|iPhoneSimulator.Build.0 = Debug|Any CPU
		{FAEFB25A-4485-4448-B8DB-CCE9E36EB70B}.Release|Any CPU.ActiveCfg = Release|Any CPU
		{FAEFB25A-4485-4448-B8DB-CCE9E36EB70B}.Release|Any CPU.Build.0 = Release|Any CPU
		{FAEFB25A-4485-4448-B8DB-CCE9E36EB70B}.Release|iPhone.ActiveCfg = Release|Any CPU
		{FAEFB25A-4485-4448-B8DB-CCE9E36EB70B}.Release|iPhone.Build.0 = Release|Any CPU
		{FAEFB25A-4485-4448-B8DB-CCE9E36EB70B}.Release|iPhoneSimulator.ActiveCfg = Release|Any CPU
		{FAEFB25A-4485-4448-B8DB-CCE9E36EB70B}.Release|iPhoneSimulator.Build.0 = Release|Any CPU
		{68A6411B-DA97-4139-851C-22830689BC7F}.Debug|Any CPU.ActiveCfg = Debug|Any CPU
		{68A6411B-DA97-4139-851C-22830689BC7F}.Debug|Any CPU.Build.0 = Debug|Any CPU
		{68A6411B-DA97-4139-851C-22830689BC7F}.Debug|iPhone.ActiveCfg = Debug|Any CPU
		{68A6411B-DA97-4139-851C-22830689BC7F}.Debug|iPhone.Build.0 = Debug|Any CPU
		{68A6411B-DA97-4139-851C-22830689BC7F}.Debug|iPhoneSimulator.ActiveCfg = Debug|Any CPU
		{68A6411B-DA97-4139-851C-22830689BC7F}.Debug|iPhoneSimulator.Build.0 = Debug|Any CPU
		{68A6411B-DA97-4139-851C-22830689BC7F}.Release|Any CPU.ActiveCfg = Release|Any CPU
		{68A6411B-DA97-4139-851C-22830689BC7F}.Release|Any CPU.Build.0 = Release|Any CPU
		{68A6411B-DA97-4139-851C-22830689BC7F}.Release|iPhone.ActiveCfg = Release|Any CPU
		{68A6411B-DA97-4139-851C-22830689BC7F}.Release|iPhone.Build.0 = Release|Any CPU
		{68A6411B-DA97-4139-851C-22830689BC7F}.Release|iPhoneSimulator.ActiveCfg = Release|Any CPU
		{68A6411B-DA97-4139-851C-22830689BC7F}.Release|iPhoneSimulator.Build.0 = Release|Any CPU
		{545ED663-3B05-4D99-9C27-A73AE3D6ACA3}.Debug|Any CPU.ActiveCfg = Debug|Any CPU
		{545ED663-3B05-4D99-9C27-A73AE3D6ACA3}.Debug|Any CPU.Build.0 = Debug|Any CPU
		{545ED663-3B05-4D99-9C27-A73AE3D6ACA3}.Debug|iPhone.ActiveCfg = Debug|Any CPU
		{545ED663-3B05-4D99-9C27-A73AE3D6ACA3}.Debug|iPhone.Build.0 = Debug|Any CPU
		{545ED663-3B05-4D99-9C27-A73AE3D6ACA3}.Debug|iPhoneSimulator.ActiveCfg = Debug|Any CPU
		{545ED663-3B05-4D99-9C27-A73AE3D6ACA3}.Debug|iPhoneSimulator.Build.0 = Debug|Any CPU
		{545ED663-3B05-4D99-9C27-A73AE3D6ACA3}.Release|Any CPU.ActiveCfg = Release|Any CPU
		{545ED663-3B05-4D99-9C27-A73AE3D6ACA3}.Release|Any CPU.Build.0 = Release|Any CPU
		{545ED663-3B05-4D99-9C27-A73AE3D6ACA3}.Release|iPhone.ActiveCfg = Release|Any CPU
		{545ED663-3B05-4D99-9C27-A73AE3D6ACA3}.Release|iPhone.Build.0 = Release|Any CPU
		{545ED663-3B05-4D99-9C27-A73AE3D6ACA3}.Release|iPhoneSimulator.ActiveCfg = Release|Any CPU
		{545ED663-3B05-4D99-9C27-A73AE3D6ACA3}.Release|iPhoneSimulator.Build.0 = Release|Any CPU
		{B506ADF0-F296-42EB-AFE5-D49E586EEE22}.Debug|Any CPU.ActiveCfg = Debug|Any CPU
		{B506ADF0-F296-42EB-AFE5-D49E586EEE22}.Debug|Any CPU.Build.0 = Debug|Any CPU
		{B506ADF0-F296-42EB-AFE5-D49E586EEE22}.Debug|iPhone.ActiveCfg = Debug|Any CPU
		{B506ADF0-F296-42EB-AFE5-D49E586EEE22}.Debug|iPhone.Build.0 = Debug|Any CPU
		{B506ADF0-F296-42EB-AFE5-D49E586EEE22}.Debug|iPhoneSimulator.ActiveCfg = Debug|Any CPU
		{B506ADF0-F296-42EB-AFE5-D49E586EEE22}.Debug|iPhoneSimulator.Build.0 = Debug|Any CPU
		{B506ADF0-F296-42EB-AFE5-D49E586EEE22}.Release|Any CPU.ActiveCfg = Release|Any CPU
		{B506ADF0-F296-42EB-AFE5-D49E586EEE22}.Release|Any CPU.Build.0 = Release|Any CPU
		{B506ADF0-F296-42EB-AFE5-D49E586EEE22}.Release|iPhone.ActiveCfg = Release|Any CPU
		{B506ADF0-F296-42EB-AFE5-D49E586EEE22}.Release|iPhone.Build.0 = Release|Any CPU
		{B506ADF0-F296-42EB-AFE5-D49E586EEE22}.Release|iPhoneSimulator.ActiveCfg = Release|Any CPU
		{B506ADF0-F296-42EB-AFE5-D49E586EEE22}.Release|iPhoneSimulator.Build.0 = Release|Any CPU
		{D5B11084-0631-4FDE-A331-37F5D9706063}.Debug|Any CPU.ActiveCfg = Debug|Any CPU
		{D5B11084-0631-4FDE-A331-37F5D9706063}.Debug|Any CPU.Build.0 = Debug|Any CPU
		{D5B11084-0631-4FDE-A331-37F5D9706063}.Debug|Any CPU.Deploy.0 = Debug|Any CPU
		{D5B11084-0631-4FDE-A331-37F5D9706063}.Debug|iPhone.ActiveCfg = Debug|Any CPU
		{D5B11084-0631-4FDE-A331-37F5D9706063}.Debug|iPhone.Build.0 = Debug|Any CPU
		{D5B11084-0631-4FDE-A331-37F5D9706063}.Debug|iPhone.Deploy.0 = Debug|Any CPU
		{D5B11084-0631-4FDE-A331-37F5D9706063}.Debug|iPhoneSimulator.ActiveCfg = Debug|Any CPU
		{D5B11084-0631-4FDE-A331-37F5D9706063}.Debug|iPhoneSimulator.Build.0 = Debug|Any CPU
		{D5B11084-0631-4FDE-A331-37F5D9706063}.Debug|iPhoneSimulator.Deploy.0 = Debug|Any CPU
		{D5B11084-0631-4FDE-A331-37F5D9706063}.Release|Any CPU.ActiveCfg = Release|Any CPU
		{D5B11084-0631-4FDE-A331-37F5D9706063}.Release|Any CPU.Build.0 = Release|Any CPU
		{D5B11084-0631-4FDE-A331-37F5D9706063}.Release|Any CPU.Deploy.0 = Release|Any CPU
		{D5B11084-0631-4FDE-A331-37F5D9706063}.Release|iPhone.ActiveCfg = Release|Any CPU
		{D5B11084-0631-4FDE-A331-37F5D9706063}.Release|iPhone.Build.0 = Release|Any CPU
		{D5B11084-0631-4FDE-A331-37F5D9706063}.Release|iPhone.Deploy.0 = Release|Any CPU
		{D5B11084-0631-4FDE-A331-37F5D9706063}.Release|iPhoneSimulator.ActiveCfg = Release|Any CPU
		{D5B11084-0631-4FDE-A331-37F5D9706063}.Release|iPhoneSimulator.Build.0 = Release|Any CPU
		{D5B11084-0631-4FDE-A331-37F5D9706063}.Release|iPhoneSimulator.Deploy.0 = Release|Any CPU
		{E49A0AC2-5D71-4FE5-9848-914D0D7AEBD6}.Debug|Any CPU.ActiveCfg = Debug|iPhone
		{E49A0AC2-5D71-4FE5-9848-914D0D7AEBD6}.Debug|iPhone.ActiveCfg = Debug|iPhone
		{E49A0AC2-5D71-4FE5-9848-914D0D7AEBD6}.Debug|iPhone.Build.0 = Debug|iPhone
		{E49A0AC2-5D71-4FE5-9848-914D0D7AEBD6}.Debug|iPhoneSimulator.ActiveCfg = Debug|iPhoneSimulator
		{E49A0AC2-5D71-4FE5-9848-914D0D7AEBD6}.Debug|iPhoneSimulator.Build.0 = Debug|iPhoneSimulator
		{E49A0AC2-5D71-4FE5-9848-914D0D7AEBD6}.Release|Any CPU.ActiveCfg = Release|iPhone
		{E49A0AC2-5D71-4FE5-9848-914D0D7AEBD6}.Release|iPhone.ActiveCfg = Release|iPhone
		{E49A0AC2-5D71-4FE5-9848-914D0D7AEBD6}.Release|iPhone.Build.0 = Release|iPhone
		{E49A0AC2-5D71-4FE5-9848-914D0D7AEBD6}.Release|iPhoneSimulator.ActiveCfg = Release|iPhoneSimulator
		{E49A0AC2-5D71-4FE5-9848-914D0D7AEBD6}.Release|iPhoneSimulator.Build.0 = Release|iPhoneSimulator
		{6E9AE23E-A9F6-4E50-8BB0-A76039C5BC7E}.Debug|Any CPU.ActiveCfg = Debug|Any CPU
		{6E9AE23E-A9F6-4E50-8BB0-A76039C5BC7E}.Debug|Any CPU.Build.0 = Debug|Any CPU
		{6E9AE23E-A9F6-4E50-8BB0-A76039C5BC7E}.Debug|iPhone.ActiveCfg = Debug|Any CPU
		{6E9AE23E-A9F6-4E50-8BB0-A76039C5BC7E}.Debug|iPhone.Build.0 = Debug|Any CPU
		{6E9AE23E-A9F6-4E50-8BB0-A76039C5BC7E}.Debug|iPhoneSimulator.ActiveCfg = Debug|Any CPU
		{6E9AE23E-A9F6-4E50-8BB0-A76039C5BC7E}.Debug|iPhoneSimulator.Build.0 = Debug|Any CPU
		{6E9AE23E-A9F6-4E50-8BB0-A76039C5BC7E}.Release|Any CPU.ActiveCfg = Release|Any CPU
		{6E9AE23E-A9F6-4E50-8BB0-A76039C5BC7E}.Release|Any CPU.Build.0 = Release|Any CPU
		{6E9AE23E-A9F6-4E50-8BB0-A76039C5BC7E}.Release|iPhone.ActiveCfg = Release|Any CPU
		{6E9AE23E-A9F6-4E50-8BB0-A76039C5BC7E}.Release|iPhone.Build.0 = Release|Any CPU
		{6E9AE23E-A9F6-4E50-8BB0-A76039C5BC7E}.Release|iPhoneSimulator.ActiveCfg = Release|Any CPU
		{6E9AE23E-A9F6-4E50-8BB0-A76039C5BC7E}.Release|iPhoneSimulator.Build.0 = Release|Any CPU
		{9413D8B0-876B-40E2-B22E-D46805428BDE}.Debug|Any CPU.ActiveCfg = Debug|Any CPU
		{9413D8B0-876B-40E2-B22E-D46805428BDE}.Debug|Any CPU.Build.0 = Debug|Any CPU
		{9413D8B0-876B-40E2-B22E-D46805428BDE}.Debug|Any CPU.Deploy.0 = Debug|Any CPU
		{9413D8B0-876B-40E2-B22E-D46805428BDE}.Debug|iPhone.ActiveCfg = Debug|Any CPU
		{9413D8B0-876B-40E2-B22E-D46805428BDE}.Debug|iPhone.Build.0 = Debug|Any CPU
		{9413D8B0-876B-40E2-B22E-D46805428BDE}.Debug|iPhone.Deploy.0 = Debug|Any CPU
		{9413D8B0-876B-40E2-B22E-D46805428BDE}.Debug|iPhoneSimulator.ActiveCfg = Debug|Any CPU
		{9413D8B0-876B-40E2-B22E-D46805428BDE}.Debug|iPhoneSimulator.Build.0 = Debug|Any CPU
		{9413D8B0-876B-40E2-B22E-D46805428BDE}.Debug|iPhoneSimulator.Deploy.0 = Debug|Any CPU
		{9413D8B0-876B-40E2-B22E-D46805428BDE}.Release|Any CPU.ActiveCfg = Release|Any CPU
		{9413D8B0-876B-40E2-B22E-D46805428BDE}.Release|Any CPU.Build.0 = Release|Any CPU
		{9413D8B0-876B-40E2-B22E-D46805428BDE}.Release|Any CPU.Deploy.0 = Release|Any CPU
		{9413D8B0-876B-40E2-B22E-D46805428BDE}.Release|iPhone.ActiveCfg = Release|Any CPU
		{9413D8B0-876B-40E2-B22E-D46805428BDE}.Release|iPhone.Build.0 = Release|Any CPU
		{9413D8B0-876B-40E2-B22E-D46805428BDE}.Release|iPhone.Deploy.0 = Release|Any CPU
		{9413D8B0-876B-40E2-B22E-D46805428BDE}.Release|iPhoneSimulator.ActiveCfg = Release|Any CPU
		{9413D8B0-876B-40E2-B22E-D46805428BDE}.Release|iPhoneSimulator.Build.0 = Release|Any CPU
		{9413D8B0-876B-40E2-B22E-D46805428BDE}.Release|iPhoneSimulator.Deploy.0 = Release|Any CPU
		{824617F9-6424-4844-B17F-5F7769F5182C}.Debug|Any CPU.ActiveCfg = Debug|iPhone
		{824617F9-6424-4844-B17F-5F7769F5182C}.Debug|iPhone.ActiveCfg = Debug|iPhone
		{824617F9-6424-4844-B17F-5F7769F5182C}.Debug|iPhone.Build.0 = Debug|iPhone
		{824617F9-6424-4844-B17F-5F7769F5182C}.Debug|iPhoneSimulator.ActiveCfg = Debug|iPhoneSimulator
		{824617F9-6424-4844-B17F-5F7769F5182C}.Debug|iPhoneSimulator.Build.0 = Debug|iPhoneSimulator
		{824617F9-6424-4844-B17F-5F7769F5182C}.Release|Any CPU.ActiveCfg = Release|iPhone
		{824617F9-6424-4844-B17F-5F7769F5182C}.Release|iPhone.ActiveCfg = Release|iPhone
		{824617F9-6424-4844-B17F-5F7769F5182C}.Release|iPhone.Build.0 = Release|iPhone
		{824617F9-6424-4844-B17F-5F7769F5182C}.Release|iPhoneSimulator.ActiveCfg = Release|iPhoneSimulator
		{824617F9-6424-4844-B17F-5F7769F5182C}.Release|iPhoneSimulator.Build.0 = Release|iPhoneSimulator
		{07006BA5-870A-4401-821E-5631173B70E1}.Debug|Any CPU.ActiveCfg = Debug|Any CPU
		{07006BA5-870A-4401-821E-5631173B70E1}.Debug|Any CPU.Build.0 = Debug|Any CPU
		{07006BA5-870A-4401-821E-5631173B70E1}.Debug|iPhone.ActiveCfg = Debug|Any CPU
		{07006BA5-870A-4401-821E-5631173B70E1}.Debug|iPhone.Build.0 = Debug|Any CPU
		{07006BA5-870A-4401-821E-5631173B70E1}.Debug|iPhoneSimulator.ActiveCfg = Debug|Any CPU
		{07006BA5-870A-4401-821E-5631173B70E1}.Debug|iPhoneSimulator.Build.0 = Debug|Any CPU
		{07006BA5-870A-4401-821E-5631173B70E1}.Release|Any CPU.ActiveCfg = Release|Any CPU
		{07006BA5-870A-4401-821E-5631173B70E1}.Release|Any CPU.Build.0 = Release|Any CPU
		{07006BA5-870A-4401-821E-5631173B70E1}.Release|iPhone.ActiveCfg = Release|Any CPU
		{07006BA5-870A-4401-821E-5631173B70E1}.Release|iPhone.Build.0 = Release|Any CPU
		{07006BA5-870A-4401-821E-5631173B70E1}.Release|iPhoneSimulator.ActiveCfg = Release|Any CPU
		{07006BA5-870A-4401-821E-5631173B70E1}.Release|iPhoneSimulator.Build.0 = Release|Any CPU
		{6B39EFD8-E4BA-4C38-B99E-80F43462C96F}.Debug|Any CPU.ActiveCfg = Debug|Any CPU
		{6B39EFD8-E4BA-4C38-B99E-80F43462C96F}.Debug|Any CPU.Build.0 = Debug|Any CPU
		{6B39EFD8-E4BA-4C38-B99E-80F43462C96F}.Debug|Any CPU.Deploy.0 = Debug|Any CPU
		{6B39EFD8-E4BA-4C38-B99E-80F43462C96F}.Debug|iPhone.ActiveCfg = Debug|Any CPU
		{6B39EFD8-E4BA-4C38-B99E-80F43462C96F}.Debug|iPhone.Build.0 = Debug|Any CPU
		{6B39EFD8-E4BA-4C38-B99E-80F43462C96F}.Debug|iPhone.Deploy.0 = Debug|Any CPU
		{6B39EFD8-E4BA-4C38-B99E-80F43462C96F}.Debug|iPhoneSimulator.ActiveCfg = Debug|Any CPU
		{6B39EFD8-E4BA-4C38-B99E-80F43462C96F}.Debug|iPhoneSimulator.Build.0 = Debug|Any CPU
		{6B39EFD8-E4BA-4C38-B99E-80F43462C96F}.Debug|iPhoneSimulator.Deploy.0 = Debug|Any CPU
		{6B39EFD8-E4BA-4C38-B99E-80F43462C96F}.Release|Any CPU.ActiveCfg = Release|Any CPU
		{6B39EFD8-E4BA-4C38-B99E-80F43462C96F}.Release|Any CPU.Build.0 = Release|Any CPU
		{6B39EFD8-E4BA-4C38-B99E-80F43462C96F}.Release|Any CPU.Deploy.0 = Release|Any CPU
		{6B39EFD8-E4BA-4C38-B99E-80F43462C96F}.Release|iPhone.ActiveCfg = Release|Any CPU
		{6B39EFD8-E4BA-4C38-B99E-80F43462C96F}.Release|iPhone.Build.0 = Release|Any CPU
		{6B39EFD8-E4BA-4C38-B99E-80F43462C96F}.Release|iPhone.Deploy.0 = Release|Any CPU
		{6B39EFD8-E4BA-4C38-B99E-80F43462C96F}.Release|iPhoneSimulator.ActiveCfg = Release|Any CPU
		{6B39EFD8-E4BA-4C38-B99E-80F43462C96F}.Release|iPhoneSimulator.Build.0 = Release|Any CPU
		{6B39EFD8-E4BA-4C38-B99E-80F43462C96F}.Release|iPhoneSimulator.Deploy.0 = Release|Any CPU
		{B2B3599C-DC70-46C4-827E-67D2F5C19E1E}.Debug|Any CPU.ActiveCfg = Debug|iPhone
		{B2B3599C-DC70-46C4-827E-67D2F5C19E1E}.Debug|iPhone.ActiveCfg = Debug|iPhone
		{B2B3599C-DC70-46C4-827E-67D2F5C19E1E}.Debug|iPhone.Build.0 = Debug|iPhone
		{B2B3599C-DC70-46C4-827E-67D2F5C19E1E}.Debug|iPhoneSimulator.ActiveCfg = Debug|iPhoneSimulator
		{B2B3599C-DC70-46C4-827E-67D2F5C19E1E}.Debug|iPhoneSimulator.Build.0 = Debug|iPhoneSimulator
		{B2B3599C-DC70-46C4-827E-67D2F5C19E1E}.Release|Any CPU.ActiveCfg = Release|iPhone
		{B2B3599C-DC70-46C4-827E-67D2F5C19E1E}.Release|iPhone.ActiveCfg = Release|iPhone
		{B2B3599C-DC70-46C4-827E-67D2F5C19E1E}.Release|iPhone.Build.0 = Release|iPhone
		{B2B3599C-DC70-46C4-827E-67D2F5C19E1E}.Release|iPhoneSimulator.ActiveCfg = Release|iPhoneSimulator
		{B2B3599C-DC70-46C4-827E-67D2F5C19E1E}.Release|iPhoneSimulator.Build.0 = Release|iPhoneSimulator
		{D060CBCB-3C7C-4DE2-903F-BAF9400A8182}.Debug|Any CPU.ActiveCfg = Debug|Any CPU
		{D060CBCB-3C7C-4DE2-903F-BAF9400A8182}.Debug|Any CPU.Build.0 = Debug|Any CPU
		{D060CBCB-3C7C-4DE2-903F-BAF9400A8182}.Debug|iPhone.ActiveCfg = Debug|Any CPU
		{D060CBCB-3C7C-4DE2-903F-BAF9400A8182}.Debug|iPhone.Build.0 = Debug|Any CPU
		{D060CBCB-3C7C-4DE2-903F-BAF9400A8182}.Debug|iPhoneSimulator.ActiveCfg = Debug|Any CPU
		{D060CBCB-3C7C-4DE2-903F-BAF9400A8182}.Debug|iPhoneSimulator.Build.0 = Debug|Any CPU
		{D060CBCB-3C7C-4DE2-903F-BAF9400A8182}.Release|Any CPU.ActiveCfg = Release|Any CPU
		{D060CBCB-3C7C-4DE2-903F-BAF9400A8182}.Release|Any CPU.Build.0 = Release|Any CPU
		{D060CBCB-3C7C-4DE2-903F-BAF9400A8182}.Release|iPhone.ActiveCfg = Release|Any CPU
		{D060CBCB-3C7C-4DE2-903F-BAF9400A8182}.Release|iPhone.Build.0 = Release|Any CPU
		{D060CBCB-3C7C-4DE2-903F-BAF9400A8182}.Release|iPhoneSimulator.ActiveCfg = Release|Any CPU
		{D060CBCB-3C7C-4DE2-903F-BAF9400A8182}.Release|iPhoneSimulator.Build.0 = Release|Any CPU
		{527B2DB9-8FA0-42E4-86AF-A08CEC23699B}.Debug|Any CPU.ActiveCfg = Debug|Any CPU
		{527B2DB9-8FA0-42E4-86AF-A08CEC23699B}.Debug|Any CPU.Build.0 = Debug|Any CPU
		{527B2DB9-8FA0-42E4-86AF-A08CEC23699B}.Debug|iPhone.ActiveCfg = Debug|Any CPU
		{527B2DB9-8FA0-42E4-86AF-A08CEC23699B}.Debug|iPhone.Build.0 = Debug|Any CPU
		{527B2DB9-8FA0-42E4-86AF-A08CEC23699B}.Debug|iPhoneSimulator.ActiveCfg = Debug|Any CPU
		{527B2DB9-8FA0-42E4-86AF-A08CEC23699B}.Debug|iPhoneSimulator.Build.0 = Debug|Any CPU
		{527B2DB9-8FA0-42E4-86AF-A08CEC23699B}.Release|Any CPU.ActiveCfg = Release|Any CPU
		{527B2DB9-8FA0-42E4-86AF-A08CEC23699B}.Release|Any CPU.Build.0 = Release|Any CPU
		{527B2DB9-8FA0-42E4-86AF-A08CEC23699B}.Release|iPhone.ActiveCfg = Release|Any CPU
		{527B2DB9-8FA0-42E4-86AF-A08CEC23699B}.Release|iPhone.Build.0 = Release|Any CPU
		{527B2DB9-8FA0-42E4-86AF-A08CEC23699B}.Release|iPhoneSimulator.ActiveCfg = Release|Any CPU
		{527B2DB9-8FA0-42E4-86AF-A08CEC23699B}.Release|iPhoneSimulator.Build.0 = Release|Any CPU
	EndGlobalSection
	GlobalSection(SolutionProperties) = preSolution
		HideSolutionNode = FALSE
	EndGlobalSection
	GlobalSection(NestedProjects) = preSolution
		{ABD421AB-498D-44FB-BFD6-1639C578983F} = {6447C53D-D4CE-46E0-A692-FDF813E0BB50}
		{D1444615-0C15-4AA7-8861-234815D0F78C} = {6447C53D-D4CE-46E0-A692-FDF813E0BB50}
		{6E9FE41D-E59C-4A95-861B-7255C3C421B4} = {6447C53D-D4CE-46E0-A692-FDF813E0BB50}
		{FAEFB25A-4485-4448-B8DB-CCE9E36EB70B} = {6447C53D-D4CE-46E0-A692-FDF813E0BB50}
		{68A6411B-DA97-4139-851C-22830689BC7F} = {D1444615-0C15-4AA7-8861-234815D0F78C}
		{545ED663-3B05-4D99-9C27-A73AE3D6ACA3} = {ABD421AB-498D-44FB-BFD6-1639C578983F}
		{B506ADF0-F296-42EB-AFE5-D49E586EEE22} = {6447C53D-D4CE-46E0-A692-FDF813E0BB50}
		{1E3A8D85-44FF-4A9D-8AC6-4C01CE7E5287} = {6447C53D-D4CE-46E0-A692-FDF813E0BB50}
		{BCC243A7-F98E-4393-B8D0-81561AE0BCCC} = {1E3A8D85-44FF-4A9D-8AC6-4C01CE7E5287}
		{5D333A9B-8C08-41B4-9279-25094B23DCFE} = {BCC243A7-F98E-4393-B8D0-81561AE0BCCC}
		{1E2626E1-29CD-410F-8277-5D95CF68E065} = {BCC243A7-F98E-4393-B8D0-81561AE0BCCC}
		{F336EB38-FE0A-4D12-ABBC-04554357EE52} = {BCC243A7-F98E-4393-B8D0-81561AE0BCCC}
		{D5B11084-0631-4FDE-A331-37F5D9706063} = {5D333A9B-8C08-41B4-9279-25094B23DCFE}
		{E49A0AC2-5D71-4FE5-9848-914D0D7AEBD6} = {5D333A9B-8C08-41B4-9279-25094B23DCFE}
		{6E9AE23E-A9F6-4E50-8BB0-A76039C5BC7E} = {5D333A9B-8C08-41B4-9279-25094B23DCFE}
		{9413D8B0-876B-40E2-B22E-D46805428BDE} = {1E2626E1-29CD-410F-8277-5D95CF68E065}
		{824617F9-6424-4844-B17F-5F7769F5182C} = {1E2626E1-29CD-410F-8277-5D95CF68E065}
		{07006BA5-870A-4401-821E-5631173B70E1} = {1E2626E1-29CD-410F-8277-5D95CF68E065}
		{6B39EFD8-E4BA-4C38-B99E-80F43462C96F} = {F336EB38-FE0A-4D12-ABBC-04554357EE52}
		{B2B3599C-DC70-46C4-827E-67D2F5C19E1E} = {F336EB38-FE0A-4D12-ABBC-04554357EE52}
		{D060CBCB-3C7C-4DE2-903F-BAF9400A8182} = {F336EB38-FE0A-4D12-ABBC-04554357EE52}
		{527B2DB9-8FA0-42E4-86AF-A08CEC23699B} = {BCC243A7-F98E-4393-B8D0-81561AE0BCCC}
	EndGlobalSection
	GlobalSection(ExtensibilityGlobals) = postSolution
		SolutionGuid = {5895E037-0345-4465-8DDC-C1FC39D140E0}
	EndGlobalSection
EndGlobal
