
Microsoft Visual Studio Solution File, Format Version 12.00
# Visual Studio Version 16
VisualStudioVersion = 16.0.28922.388
MinimumVisualStudioVersion = 10.0.40219.1
Project("{2150E333-8FDC-42A3-9474-1A3956D46DE8}") = "doc", "doc", "{553BC670-1DD6-4105-8BDD-4EA619EEA504}"
EndProject
Project("{2150E333-8FDC-42A3-9474-1A3956D46DE8}") = "src", "src", "{6447C53D-D4CE-46E0-A692-FDF813E0BB50}"
EndProject
Project("{2150E333-8FDC-42A3-9474-1A3956D46DE8}") = "Applications", "Applications", "{ABD421AB-498D-44FB-BFD6-1639C578983F}"
EndProject
Project("{2150E333-8FDC-42A3-9474-1A3956D46DE8}") = "Infrastructures", "Infrastructures", "{D1444615-0C15-4AA7-8861-234815D0F78C}"
EndProject
Project("{2150E333-8FDC-42A3-9474-1A3956D46DE8}") = "Presentations", "Presentations", "{6E9FE41D-E59C-4A95-861B-7255C3C421B4}"
EndProject
Project("{9A19103F-16F7-4668-BE54-9A1E7A4F7556}") = "EWalletV2.Api", "EWalletV2.Api\EWalletV2.Api.csproj", "{FAEFB25A-4485-4448-B8DB-CCE9E36EB70B}"
EndProject
Project("{9A19103F-16F7-4668-BE54-9A1E7A4F7556}") = "EWalletV2.DataAccess", "Infrastructures\EWalletV2.DataAccess\EWalletV2.DataAccess.csproj", "{68A6411B-DA97-4139-851C-22830689BC7F}"
EndProject
Project("{9A19103F-16F7-4668-BE54-9A1E7A4F7556}") = "EWalletV2.Domain", "Applications\EWalletV2.Domain\EWalletV2.Domain.csproj", "{545ED663-3B05-4D99-9C27-A73AE3D6ACA3}"
EndProject
Project("{9A19103F-16F7-4668-BE54-9A1E7A4F7556}") = "EWalletV2.Api.ViewModels", "EWalletV2.Api.ViewModels\EWalletV2.Api.ViewModels.csproj", "{B506ADF0-F296-42EB-AFE5-D49E586EEE22}"
EndProject
Project("{2150E333-8FDC-42A3-9474-1A3956D46DE8}") = "Client", "Client", "{1E3A8D85-44FF-4A9D-8AC6-4C01CE7E5287}"
EndProject
Project("{2150E333-8FDC-42A3-9474-1A3956D46DE8}") = "Admin", "Admin", "{5D333A9B-8C08-41B4-9279-25094B23DCFE}"
EndProject
Project("{2150E333-8FDC-42A3-9474-1A3956D46DE8}") = "Customer", "Customer", "{1E2626E1-29CD-410F-8277-5D95CF68E065}"
EndProject
Project("{2150E333-8FDC-42A3-9474-1A3956D46DE8}") = "Merchant", "Merchant", "{F336EB38-FE0A-4D12-ABBC-04554357EE52}"
EndProject
Project("{FAE04EC0-301F-11D3-BF4B-00C04F79EFBC}") = "EV.Admin.Android", "src\Client\Admin\EV.Admin\EV.Admin.Android\EV.Admin.Android.csproj", "{91658C78-1544-4ED8-8C2E-B891CB010331}"
EndProject
Project("{FAE04EC0-301F-11D3-BF4B-00C04F79EFBC}") = "EV.Admin.iOS", "src\Client\Admin\EV.Admin\EV.Admin.iOS\EV.Admin.iOS.csproj", "{09B62820-6865-4552-A9BB-126C3F4187FA}"
EndProject
Project("{FAE04EC0-301F-11D3-BF4B-00C04F79EFBC}") = "EV.Admin", "src\Client\Admin\EV.Admin\EV.Admin\EV.Admin.csproj", "{D8CCA6E7-890E-4659-BBA5-19DC11CEE999}"
EndProject
Project("{FAE04EC0-301F-11D3-BF4B-00C04F79EFBC}") = "EV.Customer.Android", "src\Client\Customer\EV.Customer\EV.Customer.Android\EV.Customer.Android.csproj", "{1BFDD33F-C389-441D-9C6E-97B46BD4CB28}"
EndProject
Project("{FAE04EC0-301F-11D3-BF4B-00C04F79EFBC}") = "EV.Customer.iOS", "src\Client\Customer\EV.Customer\EV.Customer.iOS\EV.Customer.iOS.csproj", "{A3365737-321F-456C-AF6D-0E6D90E786C8}"
EndProject
Project("{FAE04EC0-301F-11D3-BF4B-00C04F79EFBC}") = "EV.Customer", "src\Client\Customer\EV.Customer\EV.Customer\EV.Customer.csproj", "{0BE9B0E4-BAA7-434F-8A26-E03A037F1A56}"
EndProject
Project("{FAE04EC0-301F-11D3-BF4B-00C04F79EFBC}") = "EV.Merchant.Android", "src\Client\Merchant\EV.Merchant\EV.Merchant.Android\EV.Merchant.Android.csproj", "{75890B82-B958-48AA-8E25-D00FF7C97D87}"
EndProject
Project("{FAE04EC0-301F-11D3-BF4B-00C04F79EFBC}") = "EV.Merchant.iOS", "src\Client\Merchant\EV.Merchant\EV.Merchant.iOS\EV.Merchant.iOS.csproj", "{F780607B-82D4-44C0-862F-D11E4296617D}"
EndProject
Project("{FAE04EC0-301F-11D3-BF4B-00C04F79EFBC}") = "EV.Merchant", "src\Client\Merchant\EV.Merchant\EV.Merchant\EV.Merchant.csproj", "{4D7A2D82-62E4-4B91-BF6C-41FF0004B318}"
EndProject
Global
	GlobalSection(SolutionConfigurationPlatforms) = preSolution
		Debug|Any CPU = Debug|Any CPU
		Debug|iPhone = Debug|iPhone
		Debug|iPhoneSimulator = Debug|iPhoneSimulator
		Release|Any CPU = Release|Any CPU
		Release|iPhone = Release|iPhone
		Release|iPhoneSimulator = Release|iPhoneSimulator
	EndGlobalSection
	GlobalSection(ProjectConfigurationPlatforms) = postSolution
		{FAEFB25A-4485-4448-B8DB-CCE9E36EB70B}.Debug|Any CPU.ActiveCfg = Debug|Any CPU
		{FAEFB25A-4485-4448-B8DB-CCE9E36EB70B}.Debug|Any CPU.Build.0 = Debug|Any CPU
		{FAEFB25A-4485-4448-B8DB-CCE9E36EB70B}.Debug|iPhone.ActiveCfg = Debug|Any CPU
		{FAEFB25A-4485-4448-B8DB-CCE9E36EB70B}.Debug|iPhone.Build.0 = Debug|Any CPU
		{FAEFB25A-4485-4448-B8DB-CCE9E36EB70B}.Debug|iPhoneSimulator.ActiveCfg = Debug|Any CPU
		{FAEFB25A-4485-4448-B8DB-CCE9E36EB70B}.Debug|iPhoneSimulator.Build.0 = Debug|Any CPU
		{FAEFB25A-4485-4448-B8DB-CCE9E36EB70B}.Release|Any CPU.ActiveCfg = Release|Any CPU
		{FAEFB25A-4485-4448-B8DB-CCE9E36EB70B}.Release|Any CPU.Build.0 = Release|Any CPU
		{FAEFB25A-4485-4448-B8DB-CCE9E36EB70B}.Release|iPhone.ActiveCfg = Release|Any CPU
		{FAEFB25A-4485-4448-B8DB-CCE9E36EB70B}.Release|iPhone.Build.0 = Release|Any CPU
		{FAEFB25A-4485-4448-B8DB-CCE9E36EB70B}.Release|iPhoneSimulator.ActiveCfg = Release|Any CPU
		{FAEFB25A-4485-4448-B8DB-CCE9E36EB70B}.Release|iPhoneSimulator.Build.0 = Release|Any CPU
		{68A6411B-DA97-4139-851C-22830689BC7F}.Debug|Any CPU.ActiveCfg = Debug|Any CPU
		{68A6411B-DA97-4139-851C-22830689BC7F}.Debug|Any CPU.Build.0 = Debug|Any CPU
		{68A6411B-DA97-4139-851C-22830689BC7F}.Debug|iPhone.ActiveCfg = Debug|Any CPU
		{68A6411B-DA97-4139-851C-22830689BC7F}.Debug|iPhone.Build.0 = Debug|Any CPU
		{68A6411B-DA97-4139-851C-22830689BC7F}.Debug|iPhoneSimulator.ActiveCfg = Debug|Any CPU
		{68A6411B-DA97-4139-851C-22830689BC7F}.Debug|iPhoneSimulator.Build.0 = Debug|Any CPU
		{68A6411B-DA97-4139-851C-22830689BC7F}.Release|Any CPU.ActiveCfg = Release|Any CPU
		{68A6411B-DA97-4139-851C-22830689BC7F}.Release|Any CPU.Build.0 = Release|Any CPU
		{68A6411B-DA97-4139-851C-22830689BC7F}.Release|iPhone.ActiveCfg = Release|Any CPU
		{68A6411B-DA97-4139-851C-22830689BC7F}.Release|iPhone.Build.0 = Release|Any CPU
		{68A6411B-DA97-4139-851C-22830689BC7F}.Release|iPhoneSimulator.ActiveCfg = Release|Any CPU
		{68A6411B-DA97-4139-851C-22830689BC7F}.Release|iPhoneSimulator.Build.0 = Release|Any CPU
		{545ED663-3B05-4D99-9C27-A73AE3D6ACA3}.Debug|Any CPU.ActiveCfg = Debug|Any CPU
		{545ED663-3B05-4D99-9C27-A73AE3D6ACA3}.Debug|Any CPU.Build.0 = Debug|Any CPU
		{545ED663-3B05-4D99-9C27-A73AE3D6ACA3}.Debug|iPhone.ActiveCfg = Debug|Any CPU
		{545ED663-3B05-4D99-9C27-A73AE3D6ACA3}.Debug|iPhone.Build.0 = Debug|Any CPU
		{545ED663-3B05-4D99-9C27-A73AE3D6ACA3}.Debug|iPhoneSimulator.ActiveCfg = Debug|Any CPU
		{545ED663-3B05-4D99-9C27-A73AE3D6ACA3}.Debug|iPhoneSimulator.Build.0 = Debug|Any CPU
		{545ED663-3B05-4D99-9C27-A73AE3D6ACA3}.Release|Any CPU.ActiveCfg = Release|Any CPU
		{545ED663-3B05-4D99-9C27-A73AE3D6ACA3}.Release|Any CPU.Build.0 = Release|Any CPU
		{545ED663-3B05-4D99-9C27-A73AE3D6ACA3}.Release|iPhone.ActiveCfg = Release|Any CPU
		{545ED663-3B05-4D99-9C27-A73AE3D6ACA3}.Release|iPhone.Build.0 = Release|Any CPU
		{545ED663-3B05-4D99-9C27-A73AE3D6ACA3}.Release|iPhoneSimulator.ActiveCfg = Release|Any CPU
		{545ED663-3B05-4D99-9C27-A73AE3D6ACA3}.Release|iPhoneSimulator.Build.0 = Release|Any CPU
		{B506ADF0-F296-42EB-AFE5-D49E586EEE22}.Debug|Any CPU.ActiveCfg = Debug|Any CPU
		{B506ADF0-F296-42EB-AFE5-D49E586EEE22}.Debug|Any CPU.Build.0 = Debug|Any CPU
		{B506ADF0-F296-42EB-AFE5-D49E586EEE22}.Debug|iPhone.ActiveCfg = Debug|Any CPU
		{B506ADF0-F296-42EB-AFE5-D49E586EEE22}.Debug|iPhone.Build.0 = Debug|Any CPU
		{B506ADF0-F296-42EB-AFE5-D49E586EEE22}.Debug|iPhoneSimulator.ActiveCfg = Debug|Any CPU
		{B506ADF0-F296-42EB-AFE5-D49E586EEE22}.Debug|iPhoneSimulator.Build.0 = Debug|Any CPU
		{B506ADF0-F296-42EB-AFE5-D49E586EEE22}.Release|Any CPU.ActiveCfg = Release|Any CPU
		{B506ADF0-F296-42EB-AFE5-D49E586EEE22}.Release|Any CPU.Build.0 = Release|Any CPU
		{B506ADF0-F296-42EB-AFE5-D49E586EEE22}.Release|iPhone.ActiveCfg = Release|Any CPU
		{B506ADF0-F296-42EB-AFE5-D49E586EEE22}.Release|iPhone.Build.0 = Release|Any CPU
		{B506ADF0-F296-42EB-AFE5-D49E586EEE22}.Release|iPhoneSimulator.ActiveCfg = Release|Any CPU
		{B506ADF0-F296-42EB-AFE5-D49E586EEE22}.Release|iPhoneSimulator.Build.0 = Release|Any CPU
		{91658C78-1544-4ED8-8C2E-B891CB010331}.Debug|Any CPU.ActiveCfg = Debug|Any CPU
		{91658C78-1544-4ED8-8C2E-B891CB010331}.Debug|Any CPU.Build.0 = Debug|Any CPU
		{91658C78-1544-4ED8-8C2E-B891CB010331}.Debug|Any CPU.Deploy.0 = Debug|Any CPU
		{91658C78-1544-4ED8-8C2E-B891CB010331}.Debug|iPhone.ActiveCfg = Debug|Any CPU
		{91658C78-1544-4ED8-8C2E-B891CB010331}.Debug|iPhone.Build.0 = Debug|Any CPU
		{91658C78-1544-4ED8-8C2E-B891CB010331}.Debug|iPhone.Deploy.0 = Debug|Any CPU
		{91658C78-1544-4ED8-8C2E-B891CB010331}.Debug|iPhoneSimulator.ActiveCfg = Debug|Any CPU
		{91658C78-1544-4ED8-8C2E-B891CB010331}.Debug|iPhoneSimulator.Build.0 = Debug|Any CPU
		{91658C78-1544-4ED8-8C2E-B891CB010331}.Debug|iPhoneSimulator.Deploy.0 = Debug|Any CPU
		{91658C78-1544-4ED8-8C2E-B891CB010331}.Release|Any CPU.ActiveCfg = Release|Any CPU
		{91658C78-1544-4ED8-8C2E-B891CB010331}.Release|Any CPU.Build.0 = Release|Any CPU
		{91658C78-1544-4ED8-8C2E-B891CB010331}.Release|Any CPU.Deploy.0 = Release|Any CPU
		{91658C78-1544-4ED8-8C2E-B891CB010331}.Release|iPhone.ActiveCfg = Release|Any CPU
		{91658C78-1544-4ED8-8C2E-B891CB010331}.Release|iPhone.Build.0 = Release|Any CPU
		{91658C78-1544-4ED8-8C2E-B891CB010331}.Release|iPhone.Deploy.0 = Release|Any CPU
		{91658C78-1544-4ED8-8C2E-B891CB010331}.Release|iPhoneSimulator.ActiveCfg = Release|Any CPU
		{91658C78-1544-4ED8-8C2E-B891CB010331}.Release|iPhoneSimulator.Build.0 = Release|Any CPU
		{91658C78-1544-4ED8-8C2E-B891CB010331}.Release|iPhoneSimulator.Deploy.0 = Release|Any CPU
		{09B62820-6865-4552-A9BB-126C3F4187FA}.Debug|Any CPU.ActiveCfg = Debug|iPhone
		{09B62820-6865-4552-A9BB-126C3F4187FA}.Debug|iPhone.ActiveCfg = Debug|iPhone
		{09B62820-6865-4552-A9BB-126C3F4187FA}.Debug|iPhone.Build.0 = Debug|iPhone
		{09B62820-6865-4552-A9BB-126C3F4187FA}.Debug|iPhoneSimulator.ActiveCfg = Debug|iPhoneSimulator
		{09B62820-6865-4552-A9BB-126C3F4187FA}.Debug|iPhoneSimulator.Build.0 = Debug|iPhoneSimulator
		{09B62820-6865-4552-A9BB-126C3F4187FA}.Release|Any CPU.ActiveCfg = Release|iPhone
		{09B62820-6865-4552-A9BB-126C3F4187FA}.Release|iPhone.ActiveCfg = Release|iPhone
		{09B62820-6865-4552-A9BB-126C3F4187FA}.Release|iPhone.Build.0 = Release|iPhone
		{09B62820-6865-4552-A9BB-126C3F4187FA}.Release|iPhoneSimulator.ActiveCfg = Release|iPhoneSimulator
		{09B62820-6865-4552-A9BB-126C3F4187FA}.Release|iPhoneSimulator.Build.0 = Release|iPhoneSimulator
		{D8CCA6E7-890E-4659-BBA5-19DC11CEE999}.Debug|Any CPU.ActiveCfg = Debug|Any CPU
		{D8CCA6E7-890E-4659-BBA5-19DC11CEE999}.Debug|Any CPU.Build.0 = Debug|Any CPU
		{D8CCA6E7-890E-4659-BBA5-19DC11CEE999}.Debug|iPhone.ActiveCfg = Debug|Any CPU
		{D8CCA6E7-890E-4659-BBA5-19DC11CEE999}.Debug|iPhone.Build.0 = Debug|Any CPU
		{D8CCA6E7-890E-4659-BBA5-19DC11CEE999}.Debug|iPhoneSimulator.ActiveCfg = Debug|Any CPU
		{D8CCA6E7-890E-4659-BBA5-19DC11CEE999}.Debug|iPhoneSimulator.Build.0 = Debug|Any CPU
		{D8CCA6E7-890E-4659-BBA5-19DC11CEE999}.Release|Any CPU.ActiveCfg = Release|Any CPU
		{D8CCA6E7-890E-4659-BBA5-19DC11CEE999}.Release|Any CPU.Build.0 = Release|Any CPU
		{D8CCA6E7-890E-4659-BBA5-19DC11CEE999}.Release|iPhone.ActiveCfg = Release|Any CPU
		{D8CCA6E7-890E-4659-BBA5-19DC11CEE999}.Release|iPhone.Build.0 = Release|Any CPU
		{D8CCA6E7-890E-4659-BBA5-19DC11CEE999}.Release|iPhoneSimulator.ActiveCfg = Release|Any CPU
		{D8CCA6E7-890E-4659-BBA5-19DC11CEE999}.Release|iPhoneSimulator.Build.0 = Release|Any CPU
		{1BFDD33F-C389-441D-9C6E-97B46BD4CB28}.Debug|Any CPU.ActiveCfg = Debug|Any CPU
		{1BFDD33F-C389-441D-9C6E-97B46BD4CB28}.Debug|Any CPU.Build.0 = Debug|Any CPU
		{1BFDD33F-C389-441D-9C6E-97B46BD4CB28}.Debug|Any CPU.Deploy.0 = Debug|Any CPU
		{1BFDD33F-C389-441D-9C6E-97B46BD4CB28}.Debug|iPhone.ActiveCfg = Debug|Any CPU
		{1BFDD33F-C389-441D-9C6E-97B46BD4CB28}.Debug|iPhone.Build.0 = Debug|Any CPU
		{1BFDD33F-C389-441D-9C6E-97B46BD4CB28}.Debug|iPhone.Deploy.0 = Debug|Any CPU
		{1BFDD33F-C389-441D-9C6E-97B46BD4CB28}.Debug|iPhoneSimulator.ActiveCfg = Debug|Any CPU
		{1BFDD33F-C389-441D-9C6E-97B46BD4CB28}.Debug|iPhoneSimulator.Build.0 = Debug|Any CPU
		{1BFDD33F-C389-441D-9C6E-97B46BD4CB28}.Debug|iPhoneSimulator.Deploy.0 = Debug|Any CPU
		{1BFDD33F-C389-441D-9C6E-97B46BD4CB28}.Release|Any CPU.ActiveCfg = Release|Any CPU
		{1BFDD33F-C389-441D-9C6E-97B46BD4CB28}.Release|Any CPU.Build.0 = Release|Any CPU
		{1BFDD33F-C389-441D-9C6E-97B46BD4CB28}.Release|Any CPU.Deploy.0 = Release|Any CPU
		{1BFDD33F-C389-441D-9C6E-97B46BD4CB28}.Release|iPhone.ActiveCfg = Release|Any CPU
		{1BFDD33F-C389-441D-9C6E-97B46BD4CB28}.Release|iPhone.Build.0 = Release|Any CPU
		{1BFDD33F-C389-441D-9C6E-97B46BD4CB28}.Release|iPhone.Deploy.0 = Release|Any CPU
		{1BFDD33F-C389-441D-9C6E-97B46BD4CB28}.Release|iPhoneSimulator.ActiveCfg = Release|Any CPU
		{1BFDD33F-C389-441D-9C6E-97B46BD4CB28}.Release|iPhoneSimulator.Build.0 = Release|Any CPU
		{1BFDD33F-C389-441D-9C6E-97B46BD4CB28}.Release|iPhoneSimulator.Deploy.0 = Release|Any CPU
		{A3365737-321F-456C-AF6D-0E6D90E786C8}.Debug|Any CPU.ActiveCfg = Debug|iPhone
		{A3365737-321F-456C-AF6D-0E6D90E786C8}.Debug|iPhone.ActiveCfg = Debug|iPhone
		{A3365737-321F-456C-AF6D-0E6D90E786C8}.Debug|iPhone.Build.0 = Debug|iPhone
		{A3365737-321F-456C-AF6D-0E6D90E786C8}.Debug|iPhoneSimulator.ActiveCfg = Debug|iPhoneSimulator
		{A3365737-321F-456C-AF6D-0E6D90E786C8}.Debug|iPhoneSimulator.Build.0 = Debug|iPhoneSimulator
		{A3365737-321F-456C-AF6D-0E6D90E786C8}.Release|Any CPU.ActiveCfg = Release|iPhone
		{A3365737-321F-456C-AF6D-0E6D90E786C8}.Release|iPhone.ActiveCfg = Release|iPhone
		{A3365737-321F-456C-AF6D-0E6D90E786C8}.Release|iPhone.Build.0 = Release|iPhone
		{A3365737-321F-456C-AF6D-0E6D90E786C8}.Release|iPhoneSimulator.ActiveCfg = Release|iPhoneSimulator
		{A3365737-321F-456C-AF6D-0E6D90E786C8}.Release|iPhoneSimulator.Build.0 = Release|iPhoneSimulator
		{0BE9B0E4-BAA7-434F-8A26-E03A037F1A56}.Debug|Any CPU.ActiveCfg = Debug|Any CPU
		{0BE9B0E4-BAA7-434F-8A26-E03A037F1A56}.Debug|Any CPU.Build.0 = Debug|Any CPU
		{0BE9B0E4-BAA7-434F-8A26-E03A037F1A56}.Debug|iPhone.ActiveCfg = Debug|Any CPU
		{0BE9B0E4-BAA7-434F-8A26-E03A037F1A56}.Debug|iPhone.Build.0 = Debug|Any CPU
		{0BE9B0E4-BAA7-434F-8A26-E03A037F1A56}.Debug|iPhoneSimulator.ActiveCfg = Debug|Any CPU
		{0BE9B0E4-BAA7-434F-8A26-E03A037F1A56}.Debug|iPhoneSimulator.Build.0 = Debug|Any CPU
		{0BE9B0E4-BAA7-434F-8A26-E03A037F1A56}.Release|Any CPU.ActiveCfg = Release|Any CPU
		{0BE9B0E4-BAA7-434F-8A26-E03A037F1A56}.Release|Any CPU.Build.0 = Release|Any CPU
		{0BE9B0E4-BAA7-434F-8A26-E03A037F1A56}.Release|iPhone.ActiveCfg = Release|Any CPU
		{0BE9B0E4-BAA7-434F-8A26-E03A037F1A56}.Release|iPhone.Build.0 = Release|Any CPU
		{0BE9B0E4-BAA7-434F-8A26-E03A037F1A56}.Release|iPhoneSimulator.ActiveCfg = Release|Any CPU
		{0BE9B0E4-BAA7-434F-8A26-E03A037F1A56}.Release|iPhoneSimulator.Build.0 = Release|Any CPU
		{75890B82-B958-48AA-8E25-D00FF7C97D87}.Debug|Any CPU.ActiveCfg = Debug|Any CPU
		{75890B82-B958-48AA-8E25-D00FF7C97D87}.Debug|Any CPU.Build.0 = Debug|Any CPU
		{75890B82-B958-48AA-8E25-D00FF7C97D87}.Debug|Any CPU.Deploy.0 = Debug|Any CPU
		{75890B82-B958-48AA-8E25-D00FF7C97D87}.Debug|iPhone.ActiveCfg = Debug|Any CPU
		{75890B82-B958-48AA-8E25-D00FF7C97D87}.Debug|iPhone.Build.0 = Debug|Any CPU
		{75890B82-B958-48AA-8E25-D00FF7C97D87}.Debug|iPhone.Deploy.0 = Debug|Any CPU
		{75890B82-B958-48AA-8E25-D00FF7C97D87}.Debug|iPhoneSimulator.ActiveCfg = Debug|Any CPU
		{75890B82-B958-48AA-8E25-D00FF7C97D87}.Debug|iPhoneSimulator.Build.0 = Debug|Any CPU
		{75890B82-B958-48AA-8E25-D00FF7C97D87}.Debug|iPhoneSimulator.Deploy.0 = Debug|Any CPU
		{75890B82-B958-48AA-8E25-D00FF7C97D87}.Release|Any CPU.ActiveCfg = Release|Any CPU
		{75890B82-B958-48AA-8E25-D00FF7C97D87}.Release|Any CPU.Build.0 = Release|Any CPU
		{75890B82-B958-48AA-8E25-D00FF7C97D87}.Release|Any CPU.Deploy.0 = Release|Any CPU
		{75890B82-B958-48AA-8E25-D00FF7C97D87}.Release|iPhone.ActiveCfg = Release|Any CPU
		{75890B82-B958-48AA-8E25-D00FF7C97D87}.Release|iPhone.Build.0 = Release|Any CPU
		{75890B82-B958-48AA-8E25-D00FF7C97D87}.Release|iPhone.Deploy.0 = Release|Any CPU
		{75890B82-B958-48AA-8E25-D00FF7C97D87}.Release|iPhoneSimulator.ActiveCfg = Release|Any CPU
		{75890B82-B958-48AA-8E25-D00FF7C97D87}.Release|iPhoneSimulator.Build.0 = Release|Any CPU
		{75890B82-B958-48AA-8E25-D00FF7C97D87}.Release|iPhoneSimulator.Deploy.0 = Release|Any CPU
		{F780607B-82D4-44C0-862F-D11E4296617D}.Debug|Any CPU.ActiveCfg = Debug|iPhone
		{F780607B-82D4-44C0-862F-D11E4296617D}.Debug|iPhone.ActiveCfg = Debug|iPhone
		{F780607B-82D4-44C0-862F-D11E4296617D}.Debug|iPhone.Build.0 = Debug|iPhone
		{F780607B-82D4-44C0-862F-D11E4296617D}.Debug|iPhoneSimulator.ActiveCfg = Debug|iPhoneSimulator
		{F780607B-82D4-44C0-862F-D11E4296617D}.Debug|iPhoneSimulator.Build.0 = Debug|iPhoneSimulator
		{F780607B-82D4-44C0-862F-D11E4296617D}.Release|Any CPU.ActiveCfg = Release|iPhone
		{F780607B-82D4-44C0-862F-D11E4296617D}.Release|iPhone.ActiveCfg = Release|iPhone
		{F780607B-82D4-44C0-862F-D11E4296617D}.Release|iPhone.Build.0 = Release|iPhone
		{F780607B-82D4-44C0-862F-D11E4296617D}.Release|iPhoneSimulator.ActiveCfg = Release|iPhoneSimulator
		{F780607B-82D4-44C0-862F-D11E4296617D}.Release|iPhoneSimulator.Build.0 = Release|iPhoneSimulator
		{4D7A2D82-62E4-4B91-BF6C-41FF0004B318}.Debug|Any CPU.ActiveCfg = Debug|Any CPU
		{4D7A2D82-62E4-4B91-BF6C-41FF0004B318}.Debug|Any CPU.Build.0 = Debug|Any CPU
		{4D7A2D82-62E4-4B91-BF6C-41FF0004B318}.Debug|iPhone.ActiveCfg = Debug|Any CPU
		{4D7A2D82-62E4-4B91-BF6C-41FF0004B318}.Debug|iPhone.Build.0 = Debug|Any CPU
		{4D7A2D82-62E4-4B91-BF6C-41FF0004B318}.Debug|iPhoneSimulator.ActiveCfg = Debug|Any CPU
		{4D7A2D82-62E4-4B91-BF6C-41FF0004B318}.Debug|iPhoneSimulator.Build.0 = Debug|Any CPU
		{4D7A2D82-62E4-4B91-BF6C-41FF0004B318}.Release|Any CPU.ActiveCfg = Release|Any CPU
		{4D7A2D82-62E4-4B91-BF6C-41FF0004B318}.Release|Any CPU.Build.0 = Release|Any CPU
		{4D7A2D82-62E4-4B91-BF6C-41FF0004B318}.Release|iPhone.ActiveCfg = Release|Any CPU
		{4D7A2D82-62E4-4B91-BF6C-41FF0004B318}.Release|iPhone.Build.0 = Release|Any CPU
		{4D7A2D82-62E4-4B91-BF6C-41FF0004B318}.Release|iPhoneSimulator.ActiveCfg = Release|Any CPU
		{4D7A2D82-62E4-4B91-BF6C-41FF0004B318}.Release|iPhoneSimulator.Build.0 = Release|Any CPU
	EndGlobalSection
	GlobalSection(SolutionProperties) = preSolution
		HideSolutionNode = FALSE
	EndGlobalSection
	GlobalSection(NestedProjects) = preSolution
		{ABD421AB-498D-44FB-BFD6-1639C578983F} = {6447C53D-D4CE-46E0-A692-FDF813E0BB50}
		{D1444615-0C15-4AA7-8861-234815D0F78C} = {6447C53D-D4CE-46E0-A692-FDF813E0BB50}
		{6E9FE41D-E59C-4A95-861B-7255C3C421B4} = {6447C53D-D4CE-46E0-A692-FDF813E0BB50}
		{FAEFB25A-4485-4448-B8DB-CCE9E36EB70B} = {6447C53D-D4CE-46E0-A692-FDF813E0BB50}
		{68A6411B-DA97-4139-851C-22830689BC7F} = {D1444615-0C15-4AA7-8861-234815D0F78C}
		{545ED663-3B05-4D99-9C27-A73AE3D6ACA3} = {ABD421AB-498D-44FB-BFD6-1639C578983F}
		{B506ADF0-F296-42EB-AFE5-D49E586EEE22} = {6447C53D-D4CE-46E0-A692-FDF813E0BB50}
		{1E3A8D85-44FF-4A9D-8AC6-4C01CE7E5287} = {6447C53D-D4CE-46E0-A692-FDF813E0BB50}
		{5D333A9B-8C08-41B4-9279-25094B23DCFE} = {1E3A8D85-44FF-4A9D-8AC6-4C01CE7E5287}
		{1E2626E1-29CD-410F-8277-5D95CF68E065} = {1E3A8D85-44FF-4A9D-8AC6-4C01CE7E5287}
		{F336EB38-FE0A-4D12-ABBC-04554357EE52} = {1E3A8D85-44FF-4A9D-8AC6-4C01CE7E5287}
		{91658C78-1544-4ED8-8C2E-B891CB010331} = {5D333A9B-8C08-41B4-9279-25094B23DCFE}
		{09B62820-6865-4552-A9BB-126C3F4187FA} = {5D333A9B-8C08-41B4-9279-25094B23DCFE}
		{D8CCA6E7-890E-4659-BBA5-19DC11CEE999} = {5D333A9B-8C08-41B4-9279-25094B23DCFE}
		{1BFDD33F-C389-441D-9C6E-97B46BD4CB28} = {1E2626E1-29CD-410F-8277-5D95CF68E065}
		{A3365737-321F-456C-AF6D-0E6D90E786C8} = {1E2626E1-29CD-410F-8277-5D95CF68E065}
		{0BE9B0E4-BAA7-434F-8A26-E03A037F1A56} = {1E2626E1-29CD-410F-8277-5D95CF68E065}
		{75890B82-B958-48AA-8E25-D00FF7C97D87} = {F336EB38-FE0A-4D12-ABBC-04554357EE52}
		{F780607B-82D4-44C0-862F-D11E4296617D} = {F336EB38-FE0A-4D12-ABBC-04554357EE52}
		{4D7A2D82-62E4-4B91-BF6C-41FF0004B318} = {F336EB38-FE0A-4D12-ABBC-04554357EE52}
	EndGlobalSection
	GlobalSection(ExtensibilityGlobals) = postSolution
		SolutionGuid = {5895E037-0345-4465-8DDC-C1FC39D140E0}
	EndGlobalSection
EndGlobal
